lockfileVersion: '9.0'

settings:
  autoInstallPeers: true
  excludeLinksFromLockfile: false

importers:

  .:
    dependencies:
      soloips-adapter-dsh:
        specifier: file:../../packages/adapter-dsh
        version: file:../../packages/adapter-dsh(26wwmkbx5gcqxmtvbxb7r6f72y)
      soloips-bundle:
        specifier: file:../../packages/bundle
        version: file:../../packages/bundle
      soloips-core:
        specifier: file:../../packages/core
        version: file:../../packages/core
      soloips-web:
        specifier: file:../../packages/web
        version: file:../../packages/web

packages:

  '@deepseek-ai/cordis@4.0.2':
    resolution: {integrity: sha512-asOnXP1TzFSFQlHb1iegDZp0z/8WD1c7YNrwJR/Tx2bzNuMXfcekE/I67Iv6SQXeLB4csxqCngzQKANP7gdw0g==}
    hasBin: true
    peerDependencies:
      '@deepseek-ai/cordis-plugin-include': ^1.0.7
      '@deepseek-ai/cordis-plugin-loader': ^1.0.3
    peerDependenciesMeta:
      '@deepseek-ai/cordis-plugin-include':
        optional: true
      '@deepseek-ai/cordis-plugin-loader':
        optional: true

  '@deepseek-ai/cosmokit@1.8.3':
    resolution: {integrity: sha512-qBo+ronVM6Eu2WNVJXi8JcMiqZ19T9BRIpV+5qJUFPXjGH/Z0QKcQMC/IZJ7L394YTOtJgcovbk9qP0w2GsBXQ==}

  '@deepseek-ai/dsh-agent@0.1.6-alpha.1':
    resolution: {integrity: sha512-QIUJCzc0gVpwajKeKzZfvcIUToD5D2F2OzxZAqxiERblW5UfbT0V/4UEuNWSnz98ViAy1unfat/JJDx/r8FTxg==}
    peerDependencies:
      '@deepseek-ai/cordis': ^4.0.2
      '@deepseek-ai/dsh-invariants': ^0.1.6-alpha.1
      '@deepseek-ai/dsh-llm': ^0.1.6-alpha.1
      '@deepseek-ai/dsh-scope': ^0.1.6-alpha.1
      '@deepseek-ai/dsh-session': ^0.1.6-alpha.1
      '@deepseek-ai/dsh-session-projection': ^0.1.6-alpha.1
      '@deepseek-ai/dsh-system-prompt': ^0.1.6-alpha.1
      '@deepseek-ai/dsh-typert-protocol': ^0.1.6-alpha.1
      '@deepseek-ai/dsh-util-values': ^0.1.6-alpha.1

  '@deepseek-ai/dsh-atomic-write@0.1.6-alpha.1':
    resolution: {integrity: sha512-l5zKoY9Q8b03fjtWnIqFMfSC7DYeprX/cza53KMNC5vxiOrmg1WZLvTI5VNkwugt9rObhVEnIDh2eJOwnDpsEQ==}
    peerDependencies:
      '@deepseek-ai/cordis': ^4.0.2

  '@deepseek-ai/dsh-attachment@0.1.6-alpha.1':
    resolution: {integrity: sha512-DUjH5jIe3K3Cnkcp1+BXtCVAt3hlrjDYt7CDkWq5NVpef8dGhKUOfejRwYIO9vsSdWkKavz43OZZMTLLPAQvQw==}
    peerDependencies:
      '@deepseek-ai/cordis': ^4.0.2
      '@deepseek-ai/dsh-brand': ^0.1.6-alpha.1

  '@deepseek-ai/dsh-brand@0.1.6-alpha.1':
    resolution: {integrity: sha512-bS2ud+5KsNukiZYPCbAoNz8FOP7NSaa8ibYf/dKPmG9lLPw/GaReD+APGJs1mmqT96AhlzbxDmrQx4hlNo8fZA==}
    peerDependencies:
      '@deepseek-ai/cordis': ^4.0.2

  '@deepseek-ai/dsh-chunked-list@0.1.6-alpha.1':
    resolution: {integrity: sha512-mNQB8rmjhYHiVEe0KwLBIbj+e+IOYJhDVFuvOnUX61My6vujwoVyslZIQ1fHhbIJrJm+aJyrAbzAOkTX/bvhAA==}
    peerDependencies:
      '@deepseek-ai/cordis': ^4.0.2

  '@deepseek-ai/dsh-invariants@0.1.6-alpha.1':
    resolution: {integrity: sha512-kCQIyhVBIk2mfSMnBkT+vxU//gdxTAiYZ3ffXcgpdXDn7CeAzUcyk49LeLsllQZJB7cZWMIF/CLhCsU6hzSykQ==}
    peerDependencies:
      '@deepseek-ai/cordis': ^4.0.2

  '@deepseek-ai/dsh-llm@0.1.6-alpha.1':
    resolution: {integrity: sha512-J6CR7lfZEDrYnmWbuN8m3Vso7pQYhBGeecT+uvF4jEsCbVeEXLNbqjOBFudlPR2BXZQI7DqG6uJ6I1doJpLIew==}
    peerDependencies:
      '@deepseek-ai/cordis': ^4.0.2

  '@deepseek-ai/dsh-ptc-runtime@0.1.6-alpha.1':
    resolution: {integrity: sha512-gUaXOhZ77jYIVu/1lyJe6UeKXOyEIAoYC76d0+M0oMiufCLetOOaPyppkUBFRH95ILvc4ldX6Em46kfexMQnpQ==}
    peerDependencies:
      '@deepseek-ai/cordis': ^4.0.2
      '@deepseek-ai/dsh-sandbox': ^0.1.6-alpha.1

  '@deepseek-ai/dsh-sandbox-policy@0.1.6-alpha.1':
    resolution: {integrity: sha512-mjGj+UIY9oQWv6lnG+s9bQ6VWqq4AfzZn8I269caIVG3UOk5/R4+M4r5gdpxsuEVQFlPrgnNydcb16NriRdbnA==}
    peerDependencies:
      '@deepseek-ai/cordis': ^4.0.2
      '@deepseek-ai/dsh-agent': ^0.1.6-alpha.1
      '@deepseek-ai/dsh-invariants': ^0.1.6-alpha.1
      '@deepseek-ai/dsh-sandbox': ^0.1.6-alpha.1
      '@deepseek-ai/dsh-session': ^0.1.6-alpha.1
      '@deepseek-ai/dsh-session-projection': ^0.1.6-alpha.1
      '@deepseek-ai/dsh-system-prompt': ^0.1.6-alpha.1

  '@deepseek-ai/dsh-sandbox@0.1.6-alpha.1':
    resolution: {integrity: sha512-GLIJ5tdC08OO+3KKiv8jpHudtLO1nXvOXGw8VwCDzwl7AqG/O90xkvY/R2AkyFQ31CiCjywRQzkPdmlCm8Uf3w==}
    peerDependencies:
      '@deepseek-ai/cordis': ^4.0.2
      '@deepseek-ai/dsh-llm': ^0.1.6-alpha.1
      '@deepseek-ai/dsh-session': ^0.1.6-alpha.1

  '@deepseek-ai/dsh-scope@0.1.6-alpha.1':
    resolution: {integrity: sha512-InFGdrRr/o5Shn+8oOJz5/5njJh1h7YmZufXmSn0z+sjc/y684WHhvHqmES8Y2xieJ96e9VL8wNeiIQpaKce5A==}
    peerDependencies:
      '@deepseek-ai/cordis': ^4.0.2
      '@deepseek-ai/dsh-invariants': ^0.1.6-alpha.1

  '@deepseek-ai/dsh-session-persistence@0.1.6-alpha.1':
    resolution: {integrity: sha512-8eiIXR/EZp8tOGmfiRHDlYf498CsklrOauJI8lGHEZ/5EN8KiUkLcHrxijB92vgOcVZVkO+iFiz6MAvKH5N6sQ==}
    peerDependencies:
      '@deepseek-ai/cordis': ^4.0.2
      '@deepseek-ai/dsh-brand': ^0.1.6-alpha.1
      '@deepseek-ai/dsh-session': ^0.1.6-alpha.1
      '@deepseek-ai/dsh-timeout': ^0.1.6-alpha.1

  '@deepseek-ai/dsh-session-projection@0.1.6-alpha.1':
    resolution: {integrity: sha512-rvN5s2TTE/sRqePUoqUkWxhEpggNlbEm3xSBt+Hpxdn683kcYlKmyrVb4oKfc+Zk+7RSC6HmbiNrAlJLJxdJ4w==}
    peerDependencies:
      '@deepseek-ai/cordis': ^4.0.2
      '@deepseek-ai/dsh-session': ^0.1.6-alpha.1

  '@deepseek-ai/dsh-session@0.1.6-alpha.1':
    resolution: {integrity: sha512-IUdpUwIZaQIXNrgaYr0JAwAhUuhmjzzIgrg8Q8bSQM6fO+nYHIERF/MQZHnnon7wkibtyak+Nj8RKF82boQWIA==}
    peerDependencies:
      '@deepseek-ai/cordis': ^4.0.2
      '@deepseek-ai/dsh-scope': ^0.1.6-alpha.1

  '@deepseek-ai/dsh-settings@0.1.6-alpha.1':
    resolution: {integrity: sha512-7Q5UG809Hf/zy1elrAF/EqqbDGFYCq3D+Yp5iOSWx0f1XfAEgWb2YZmiM1sBHVYvrQf8UvNWeY9sDvM1DffjgQ==}
    peerDependencies:
      '@deepseek-ai/cordis': ^4.0.2
      '@deepseek-ai/dsh-brand': ^0.1.6-alpha.1
      '@deepseek-ai/dsh-invariants': ^0.1.6-alpha.1
      '@deepseek-ai/dsh-session': ^0.1.6-alpha.1
      '@deepseek-ai/schemastery': ^3.18.2

  '@deepseek-ai/dsh-storage-domain@0.1.6-alpha.1':
    resolution: {integrity: sha512-KqMH2clpT0D2cdCOZEmk0xP7wJ0nI2uQ9aF1WaRbkVkLYGLyx0rfRSnBPdDYLiFpKA3nEhH7ReJcU7b2QSGBEw==}
    peerDependencies:
      '@deepseek-ai/cordis': ^4.0.2
      '@deepseek-ai/dsh-invariants': ^0.1.6-alpha.1
      '@deepseek-ai/dsh-storage': ^0.1.6-alpha.1

  '@deepseek-ai/dsh-storage-json@0.1.6-alpha.1':
    resolution: {integrity: sha512-wssurxIUPN3sWj/8JRG39xdMIGndvPVHMpB1zpo+8Aw8cRuveA8sogHlbvb3pJ3ONILoZOuNCKv/efZDGQ3CnQ==}
    peerDependencies:
      '@deepseek-ai/cordis': ^4.0.2
      '@deepseek-ai/dsh-storage': ^0.1.6-alpha.1

  '@deepseek-ai/dsh-storage@0.1.6-alpha.1':
    resolution: {integrity: sha512-lb6tMqsn+cMv1ol1rt3hzQ2LytNqAwx84Yh9Pi178VFFex5fMuOMDFqpZtE2ZcUF1beprvwJCL28xAmi6Dd+Aw==}
    peerDependencies:
      '@deepseek-ai/cordis': ^4.0.2

  '@deepseek-ai/dsh-subagent@0.1.6-alpha.1':
    resolution: {integrity: sha512-s6qp+uVu1fDsjcyFIh4oBEoOTlcc1KJnn99uuiLl/Jlc0WwL6HjJHEzIM+iAifzsz6wty3dJtlMScTC18eKrsw==}
    peerDependencies:
      '@deepseek-ai/cordis': ^4.0.2
      '@deepseek-ai/dsh-agent': ^0.1.6-alpha.1
      '@deepseek-ai/dsh-agent-presets': ^0.1.6-alpha.1
      '@deepseek-ai/dsh-attachment': ^0.1.6-alpha.1
      '@deepseek-ai/dsh-invariants': ^0.1.6-alpha.1
      '@deepseek-ai/dsh-jobs': ^0.1.6-alpha.1
      '@deepseek-ai/dsh-llm': ^0.1.6-alpha.1
      '@deepseek-ai/dsh-permission-presets': ^0.1.6-alpha.1
      '@deepseek-ai/dsh-sandbox': ^0.1.6-alpha.1
      '@deepseek-ai/dsh-sandbox-policy': ^0.1.6-alpha.1
      '@deepseek-ai/dsh-scope': ^0.1.6-alpha.1
      '@deepseek-ai/dsh-session': ^0.1.6-alpha.1
      '@deepseek-ai/dsh-session-persistence': ^0.1.6-alpha.1
      '@deepseek-ai/dsh-session-projection': ^0.1.6-alpha.1
      '@deepseek-ai/dsh-session-projection-cache': ^0.1.6-alpha.1
      '@deepseek-ai/dsh-session-query': ^0.1.6-alpha.1
      '@deepseek-ai/dsh-system-prompt': ^0.1.6-alpha.1
      '@deepseek-ai/dsh-tools': ^0.1.6-alpha.1
      '@deepseek-ai/dsh-typert-protocol': ^0.1.6-alpha.1
      '@deepseek-ai/dsh-user-approval': ^0.1.6-alpha.1
      '@deepseek-ai/dsh-util-time': ^0.1.6-alpha.1
    peerDependenciesMeta:
      '@deepseek-ai/dsh-agent-presets':
        optional: true
      '@deepseek-ai/dsh-jobs':
        optional: true
      '@deepseek-ai/dsh-permission-presets':
        optional: true
      '@deepseek-ai/dsh-sandbox':
        optional: true
      '@deepseek-ai/dsh-sandbox-policy':
        optional: true
      '@deepseek-ai/dsh-session-persistence':
        optional: true
      '@deepseek-ai/dsh-session-projection':
        optional: true
      '@deepseek-ai/dsh-session-projection-cache':
        optional: true
      '@deepseek-ai/dsh-session-query':
        optional: true
      '@deepseek-ai/dsh-user-approval':
        optional: true

  '@deepseek-ai/dsh-system-prompt@0.1.6-alpha.1':
    resolution: {integrity: sha512-Lc+udg/vuacydI9CnOC9syc762nkIm/SarqdcJf4YAXT257u4BMYD05JNS+B06VhXT3vfwOTaXyyt0TJ9Qi7zA==}
    peerDependencies:
      '@deepseek-ai/cordis': ^4.0.2
      '@deepseek-ai/dsh-invariants': ^0.1.6-alpha.1
      '@deepseek-ai/dsh-llm': ^0.1.6-alpha.1
      '@deepseek-ai/dsh-scope': ^0.1.6-alpha.1

  '@deepseek-ai/dsh-timeout@0.1.6-alpha.1':
    resolution: {integrity: sha512-RuDwOyXm68OsIqj/DVx1zXQLIArrubrkYRbpOxbBmNQQ5WCEVxGDvAXQPUd2ULw4RJo0tIBx0nqQ85kkKRrQew==}
    peerDependencies:
      '@deepseek-ai/cordis': ^4.0.2

  '@deepseek-ai/dsh-tools@0.1.6-alpha.1':
    resolution: {integrity: sha512-kMVU8nZvM9jaam60FH9px2m/vcvXCcuSdZNf3fhZ1N/5mjbdhXLm5CGaNV8QaDlrYjpV8L/wop8TO3LaDuufqA==}
    peerDependencies:
      '@deepseek-ai/cordis': ^4.0.2
      '@deepseek-ai/dsh-agent': ^0.1.6-alpha.1
      '@deepseek-ai/dsh-invariants': ^0.1.6-alpha.1
      '@deepseek-ai/dsh-llm': ^0.1.6-alpha.1
      '@deepseek-ai/dsh-ptc-runtime': ^0.1.6-alpha.1
      '@deepseek-ai/dsh-sandbox': ^0.1.6-alpha.1
      '@deepseek-ai/dsh-sandbox-policy': ^0.1.6-alpha.1
      '@deepseek-ai/dsh-scope': ^0.1.6-alpha.1
      '@deepseek-ai/dsh-session': ^0.1.6-alpha.1
      '@deepseek-ai/dsh-system-prompt': ^0.1.6-alpha.1
      '@deepseek-ai/dsh-user-approval': ^0.1.6-alpha.1

  '@deepseek-ai/dsh-typert-protocol@0.1.6-alpha.1':
    resolution: {integrity: sha512-szYjrNvmlLMcR+3dDTAP+2sTqVy0MvRWkJeA1Y5CzT//HiimNDB7+q6WZX1jZ3m2ZyIfHQqfsnUVZ+PXIYHCyw==}
    peerDependencies:
      '@deepseek-ai/cordis': ^4.0.2

  '@deepseek-ai/dsh-user-approval@0.1.6-alpha.1':
    resolution: {integrity: sha512-0jpco20Iq8x4kDSCxXZEF2LwthCIxkzt9ewJfTF1qrGUDDOKb6smPHnR6EnLjL4oBzieT57MGIyADaCL3wjzOQ==}
    peerDependencies:
      '@deepseek-ai/cordis': ^4.0.2
      '@deepseek-ai/dsh-agent': ^0.1.6-alpha.1
      '@deepseek-ai/dsh-brand': ^0.1.6-alpha.1
      '@deepseek-ai/dsh-invariants': ^0.1.6-alpha.1
      '@deepseek-ai/dsh-llm': ^0.1.6-alpha.1
      '@deepseek-ai/dsh-scope': ^0.1.6-alpha.1
      '@deepseek-ai/dsh-session': ^0.1.6-alpha.1
      '@deepseek-ai/dsh-system-prompt': ^0.1.6-alpha.1

  '@deepseek-ai/dsh-util-crypto@0.1.6-alpha.1':
    resolution: {integrity: sha512-sNr5pLIajPOT9cOn61QfEsWYCBme47DFRajL3OTiOxrd7L4Ch+HgPUunUolofFNjq37gXave6/2+dcsv3L3BnA==}
    peerDependencies:
      '@deepseek-ai/cordis': ^4.0.2

  '@deepseek-ai/dsh-util-time@0.1.6-alpha.1':
    resolution: {integrity: sha512-HPV2weeVdXSAoJpU0k8wGp1enJm0gAfJhXWX6Eluny2qDbPpDbW6EU8ZmiJ8B2T8x5on2TBByGeOhIvpCt2cBg==}
    peerDependencies:
      '@deepseek-ai/cordis': ^4.0.2

  '@deepseek-ai/dsh-util-values@0.1.6-alpha.1':
    resolution: {integrity: sha512-YtF7+XmWKY7E48ozmPEXTJT+Wn8HN4MPytY+MRoySsPRAJJp09/68oo/dKcOND+ZEWUZiJN8KJUrBcTB3VSm2Q==}
    peerDependencies:
      '@deepseek-ai/cordis': ^4.0.2

  '@deepseek-ai/schemastery@3.18.2':
    resolution: {integrity: sha512-njDtZsznjYxok7KLLlHOPyuv2efdWVbSflAHgztSfbMsg+CVraEoRe2DjOCgClYv3ZCSm7WXoaUkbB/+RY7tWQ==}

  '@standard-schema/spec@1.1.0':
    resolution: {integrity: sha512-l2aFy5jALhniG5HgqrD6jXLi/rUWrKvqN/qJx6yoJsgKhblVd+iqqU4RCXavm/jPityDo5TCvKMnpjKnOriy0w==}

  soloips-adapter-dsh@file:../../packages/adapter-dsh:
    resolution: {directory: ../../packages/adapter-dsh, type: directory}

  soloips-bundle@file:../../packages/bundle:
    resolution: {directory: ../../packages/bundle, type: directory}

  soloips-core@file:../../packages/core:
    resolution: {directory: ../../packages/core, type: directory}

  soloips-web@file:../../packages/web:
    resolution: {directory: ../../packages/web, type: directory}

  zod@4.6.5:
    resolution: {integrity: sha512-v5l/aFXZQeai4awLbOpSoHecE9UiMrnfx75tEXLjNonXVARxQ5mOeipTjROUchszUNCqnE+hqAMujRsRHsut2Q==}

snapshots:

  '@deepseek-ai/cordis@4.0.2':
    dependencies:
      '@deepseek-ai/cosmokit': 1.8.3
      '@standard-schema/spec': 1.1.0

  '@deepseek-ai/cosmokit@1.8.3': {}

  '@deepseek-ai/dsh-agent@0.1.6-alpha.1(ayuzbfhkkuxeynhxdldbxszq4i)':
    dependencies:
      '@deepseek-ai/cordis': 4.0.2
      '@deepseek-ai/dsh-invariants': 0.1.6-alpha.1(@deepseek-ai/cordis@4.0.2)
      '@deepseek-ai/dsh-llm': 0.1.6-alpha.1(@deepseek-ai/cordis@4.0.2)
      '@deepseek-ai/dsh-scope': 0.1.6-alpha.1(@deepseek-ai/cordis@4.0.2)(@deepseek-ai/dsh-invariants@0.1.6-alpha.1(@deepseek-ai/cordis@4.0.2))
      '@deepseek-ai/dsh-session': 0.1.6-alpha.1(@deepseek-ai/cordis@4.0.2)(@deepseek-ai/dsh-scope@0.1.6-alpha.1(@deepseek-ai/cordis@4.0.2)(@deepseek-ai/dsh-invariants@0.1.6-alpha.1(@deepseek-ai/cordis@4.0.2)))
      '@deepseek-ai/dsh-session-projection': 0.1.6-alpha.1(@deepseek-ai/cordis@4.0.2)(@deepseek-ai/dsh-session@0.1.6-alpha.1(@deepseek-ai/cordis@4.0.2)(@deepseek-ai/dsh-scope@0.1.6-alpha.1(@deepseek-ai/cordis@4.0.2)(@deepseek-ai/dsh-invariants@0.1.6-alpha.1(@deepseek-ai/cordis@4.0.2))))
      '@deepseek-ai/dsh-system-prompt': 0.1.6-alpha.1(@deepseek-ai/cordis@4.0.2)(@deepseek-ai/dsh-invariants@0.1.6-alpha.1(@deepseek-ai/cordis@4.0.2))(@deepseek-ai/dsh-llm@0.1.6-alpha.1(@deepseek-ai/cordis@4.0.2))(@deepseek-ai/dsh-scope@0.1.6-alpha.1(@deepseek-ai/cordis@4.0.2)(@deepseek-ai/dsh-invariants@0.1.6-alpha.1(@deepseek-ai/cordis@4.0.2)))
      '@deepseek-ai/dsh-typert-protocol': 0.1.6-alpha.1(@deepseek-ai/cordis@4.0.2)
      '@deepseek-ai/dsh-util-values': 0.1.6-alpha.1(@deepseek-ai/cordis@4.0.2)

  '@deepseek-ai/dsh-atomic-write@0.1.6-alpha.1(@deepseek-ai/cordis@4.0.2)':
    dependencies:
      '@deepseek-ai/cordis': 4.0.2

  '@deepseek-ai/dsh-attachment@0.1.6-alpha.1(@deepseek-ai/cordis@4.0.2)(@deepseek-ai/dsh-brand@0.1.6-alpha.1(@deepseek-ai/cordis@4.0.2))':
    dependencies:
      '@deepseek-ai/cordis': 4.0.2
      '@deepseek-ai/dsh-brand': 0.1.6-alpha.1(@deepseek-ai/cordis@4.0.2)

  '@deepseek-ai/dsh-brand@0.1.6-alpha.1(@deepseek-ai/cordis@4.0.2)':
    dependencies:
      '@deepseek-ai/cordis': 4.0.2

  '@deepseek-ai/dsh-chunked-list@0.1.6-alpha.1(@deepseek-ai/cordis@4.0.2)':
    dependencies:
      '@deepseek-ai/cordis': 4.0.2
      zod: 4.6.5

  '@deepseek-ai/dsh-invariants@0.1.6-alpha.1(@deepseek-ai/cordis@4.0.2)':
    dependencies:
      '@deepseek-ai/cordis': 4.0.2
      '@deepseek-ai/schemastery': 3.18.2

  '@deepseek-ai/dsh-llm@0.1.6-alpha.1(@deepseek-ai/cordis@4.0.2)':
    dependencies:
      '@deepseek-ai/cordis': 4.0.2
      '@deepseek-ai/dsh-brand': 0.1.6-alpha.1(@deepseek-ai/cordis@4.0.2)
      '@deepseek-ai/dsh-timeout': 0.1.6-alpha.1(@deepseek-ai/cordis@4.0.2)
      '@deepseek-ai/dsh-typert-protocol': 0.1.6-alpha.1(@deepseek-ai/cordis@4.0.2)
      '@deepseek-ai/dsh-util-crypto': 0.1.6-alpha.1(@deepseek-ai/cordis@4.0.2)
      '@deepseek-ai/dsh-util-values': 0.1.6-alpha.1(@deepseek-ai/cordis@4.0.2)
      '@deepseek-ai/schemastery': 3.18.2
      zod: 4.6.5

  '@deepseek-ai/dsh-ptc-runtime@0.1.6-alpha.1(@deepseek-ai/cordis@4.0.2)(@deepseek-ai/dsh-sandbox@0.1.6-alpha.1(@deepseek-ai/cordis@4.0.2)(@deepseek-ai/dsh-llm@0.1.6-alpha.1(@deepseek-ai/cordis@4.0.2))(@deepseek-ai/dsh-session@0.1.6-alpha.1(@deepseek-ai/cordis@4.0.2)(@deepseek-ai/dsh-scope@0.1.6-alpha.1(@deepseek-ai/cordis@4.0.2)(@deepseek-ai/dsh-invariants@0.1.6-alpha.1(@deepseek-ai/cordis@4.0.2)))))':
    dependencies:
      '@deepseek-ai/cordis': 4.0.2
      '@deepseek-ai/dsh-sandbox': 0.1.6-alpha.1(@deepseek-ai/cordis@4.0.2)(@deepseek-ai/dsh-llm@0.1.6-alpha.1(@deepseek-ai/cordis@4.0.2))(@deepseek-ai/dsh-session@0.1.6-alpha.1(@deepseek-ai/cordis@4.0.2)(@deepseek-ai/dsh-scope@0.1.6-alpha.1(@deepseek-ai/cordis@4.0.2)(@deepseek-ai/dsh-invariants@0.1.6-alpha.1(@deepseek-ai/cordis@4.0.2))))

  '@deepseek-ai/dsh-sandbox-policy@0.1.6-alpha.1(6rak3dudgil4wgac4kz57nnznq)':
    dependencies:
      '@deepseek-ai/cordis': 4.0.2
      '@deepseek-ai/dsh-agent': 0.1.6-alpha.1(ayuzbfhkkuxeynhxdldbxszq4i)
      '@deepseek-ai/dsh-invariants': 0.1.6-alpha.1(@deepseek-ai/cordis@4.0.2)
      '@deepseek-ai/dsh-sandbox': 0.1.6-alpha.1(@deepseek-ai/cordis@4.0.2)(@deepseek-ai/dsh-llm@0.1.6-alpha.1(@deepseek-ai/cordis@4.0.2))(@deepseek-ai/dsh-session@0.1.6-alpha.1(@deepseek-ai/cordis@4.0.2)(@deepseek-ai/dsh-scope@0.1.6-alpha.1(@deepseek-ai/cordis@4.0.2)(@deepseek-ai/dsh-invariants@0.1.6-alpha.1(@deepseek-ai/cordis@4.0.2))))
      '@deepseek-ai/dsh-session': 0.1.6-alpha.1(@deepseek-ai/cordis@4.0.2)(@deepseek-ai/dsh-scope@0.1.6-alpha.1(@deepseek-ai/cordis@4.0.2)(@deepseek-ai/dsh-invariants@0.1.6-alpha.1(@deepseek-ai/cordis@4.0.2)))
      '@deepseek-ai/dsh-session-projection': 0.1.6-alpha.1(@deepseek-ai/cordis@4.0.2)(@deepseek-ai/dsh-session@0.1.6-alpha.1(@deepseek-ai/cordis@4.0.2)(@deepseek-ai/dsh-scope@0.1.6-alpha.1(@deepseek-ai/cordis@4.0.2)(@deepseek-ai/dsh-invariants@0.1.6-alpha.1(@deepseek-ai/cordis@4.0.2))))
      '@deepseek-ai/dsh-system-prompt': 0.1.6-alpha.1(@deepseek-ai/cordis@4.0.2)(@deepseek-ai/dsh-invariants@0.1.6-alpha.1(@deepseek-ai/cordis@4.0.2))(@deepseek-ai/dsh-llm@0.1.6-alpha.1(@deepseek-ai/cordis@4.0.2))(@deepseek-ai/dsh-scope@0.1.6-alpha.1(@deepseek-ai/cordis@4.0.2)(@deepseek-ai/dsh-invariants@0.1.6-alpha.1(@deepseek-ai/cordis@4.0.2)))
      '@deepseek-ai/schemastery': 3.18.2
      zod: 4.6.5

  '@deepseek-ai/dsh-sandbox@0.1.6-alpha.1(@deepseek-ai/cordis@4.0.2)(@deepseek-ai/dsh-llm@0.1.6-alpha.1(@deepseek-ai/cordis@4.0.2))(@deepseek-ai/dsh-session@0.1.6-alpha.1(@deepseek-ai/cordis@4.0.2)(@deepseek-ai/dsh-scope@0.1.6-alpha.1(@deepseek-ai/cordis@4.0.2)(@deepseek-ai/dsh-invariants@0.1.6-alpha.1(@deepseek-ai/cordis@4.0.2))))':
    dependencies:
      '@deepseek-ai/cordis': 4.0.2
      '@deepseek-ai/dsh-llm': 0.1.6-alpha.1(@deepseek-ai/cordis@4.0.2)
      '@deepseek-ai/dsh-session': 0.1.6-alpha.1(@deepseek-ai/cordis@4.0.2)(@deepseek-ai/dsh-scope@0.1.6-alpha.1(@deepseek-ai/cordis@4.0.2)(@deepseek-ai/dsh-invariants@0.1.6-alpha.1(@deepseek-ai/cordis@4.0.2)))
      '@deepseek-ai/dsh-util-values': 0.1.6-alpha.1(@deepseek-ai/cordis@4.0.2)

  '@deepseek-ai/dsh-scope@0.1.6-alpha.1(@deepseek-ai/cordis@4.0.2)(@deepseek-ai/dsh-invariants@0.1.6-alpha.1(@deepseek-ai/cordis@4.0.2))':
    dependencies:
      '@deepseek-ai/cordis': 4.0.2
      '@deepseek-ai/dsh-invariants': 0.1.6-alpha.1(@deepseek-ai/cordis@4.0.2)

  '@deepseek-ai/dsh-session-persistence@0.1.6-alpha.1(@deepseek-ai/cordis@4.0.2)(@deepseek-ai/dsh-brand@0.1.6-alpha.1(@deepseek-ai/cordis@4.0.2))(@deepseek-ai/dsh-session@0.1.6-alpha.1(@deepseek-ai/cordis@4.0.2)(@deepseek-ai/dsh-scope@0.1.6-alpha.1(@deepseek-ai/cordis@4.0.2)(@deepseek-ai/dsh-invariants@0.1.6-alpha.1(@deepseek-ai/cordis@4.0.2))))(@deepseek-ai/dsh-timeout@0.1.6-alpha.1(@deepseek-ai/cordis@4.0.2))':
    dependencies:
      '@deepseek-ai/cordis': 4.0.2
      '@deepseek-ai/dsh-brand': 0.1.6-alpha.1(@deepseek-ai/cordis@4.0.2)
      '@deepseek-ai/dsh-session': 0.1.6-alpha.1(@deepseek-ai/cordis@4.0.2)(@deepseek-ai/dsh-scope@0.1.6-alpha.1(@deepseek-ai/cordis@4.0.2)(@deepseek-ai/dsh-invariants@0.1.6-alpha.1(@deepseek-ai/cordis@4.0.2)))
      '@deepseek-ai/dsh-timeout': 0.1.6-alpha.1(@deepseek-ai/cordis@4.0.2)
      '@deepseek-ai/dsh-util-values': 0.1.6-alpha.1(@deepseek-ai/cordis@4.0.2)

  '@deepseek-ai/dsh-session-projection@0.1.6-alpha.1(@deepseek-ai/cordis@4.0.2)(@deepseek-ai/dsh-session@0.1.6-alpha.1(@deepseek-ai/cordis@4.0.2)(@deepseek-ai/dsh-scope@0.1.6-alpha.1(@deepseek-ai/cordis@4.0.2)(@deepseek-ai/dsh-invariants@0.1.6-alpha.1(@deepseek-ai/cordis@4.0.2))))':
    dependencies:
      '@deepseek-ai/cordis': 4.0.2
      '@deepseek-ai/dsh-session': 0.1.6-alpha.1(@deepseek-ai/cordis@4.0.2)(@deepseek-ai/dsh-scope@0.1.6-alpha.1(@deepseek-ai/cordis@4.0.2)(@deepseek-ai/dsh-invariants@0.1.6-alpha.1(@deepseek-ai/cordis@4.0.2)))
      zod: 4.6.5

  '@deepseek-ai/dsh-session@0.1.6-alpha.1(@deepseek-ai/cordis@4.0.2)(@deepseek-ai/dsh-scope@0.1.6-alpha.1(@deepseek-ai/cordis@4.0.2)(@deepseek-ai/dsh-invariants@0.1.6-alpha.1(@deepseek-ai/cordis@4.0.2)))':
    dependencies:
      '@deepseek-ai/cordis': 4.0.2
      '@deepseek-ai/dsh-brand': 0.1.6-alpha.1(@deepseek-ai/cordis@4.0.2)
      '@deepseek-ai/dsh-llm': 0.1.6-alpha.1(@deepseek-ai/cordis@4.0.2)
      '@deepseek-ai/dsh-scope': 0.1.6-alpha.1(@deepseek-ai/cordis@4.0.2)(@deepseek-ai/dsh-invariants@0.1.6-alpha.1(@deepseek-ai/cordis@4.0.2))
      '@deepseek-ai/dsh-util-values': 0.1.6-alpha.1(@deepseek-ai/cordis@4.0.2)

  '@deepseek-ai/dsh-settings@0.1.6-alpha.1(@deepseek-ai/cordis@4.0.2)(@deepseek-ai/dsh-brand@0.1.6-alpha.1(@deepseek-ai/cordis@4.0.2))(@deepseek-ai/dsh-invariants@0.1.6-alpha.1(@deepseek-ai/cordis@4.0.2))(@deepseek-ai/dsh-session@0.1.6-alpha.1(@deepseek-ai/cordis@4.0.2)(@deepseek-ai/dsh-scope@0.1.6-alpha.1(@deepseek-ai/cordis@4.0.2)(@deepseek-ai/dsh-invariants@0.1.6-alpha.1(@deepseek-ai/cordis@4.0.2))))(@deepseek-ai/schemastery@3.18.2)':
    dependencies:
      '@deepseek-ai/cordis': 4.0.2
      '@deepseek-ai/dsh-brand': 0.1.6-alpha.1(@deepseek-ai/cordis@4.0.2)
      '@deepseek-ai/dsh-invariants': 0.1.6-alpha.1(@deepseek-ai/cordis@4.0.2)
      '@deepseek-ai/dsh-session': 0.1.6-alpha.1(@deepseek-ai/cordis@4.0.2)(@deepseek-ai/dsh-scope@0.1.6-alpha.1(@deepseek-ai/cordis@4.0.2)(@deepseek-ai/dsh-invariants@0.1.6-alpha.1(@deepseek-ai/cordis@4.0.2)))
      '@deepseek-ai/dsh-util-values': 0.1.6-alpha.1(@deepseek-ai/cordis@4.0.2)
      '@deepseek-ai/schemastery': 3.18.2

  '@deepseek-ai/dsh-storage-domain@0.1.6-alpha.1(@deepseek-ai/cordis@4.0.2)(@deepseek-ai/dsh-invariants@0.1.6-alpha.1(@deepseek-ai/cordis@4.0.2))(@deepseek-ai/dsh-storage@0.1.6-alpha.1(@deepseek-ai/cordis@4.0.2))':
    dependencies:
      '@deepseek-ai/cordis': 4.0.2
      '@deepseek-ai/dsh-invariants': 0.1.6-alpha.1(@deepseek-ai/cordis@4.0.2)
      '@deepseek-ai/dsh-storage': 0.1.6-alpha.1(@deepseek-ai/cordis@4.0.2)
      '@deepseek-ai/schemastery': 3.18.2
      zod: 4.6.5

  '@deepseek-ai/dsh-storage-json@0.1.6-alpha.1(@deepseek-ai/cordis@4.0.2)(@deepseek-ai/dsh-storage@0.1.6-alpha.1(@deepseek-ai/cordis@4.0.2))':
    dependencies:
      '@deepseek-ai/cordis': 4.0.2
      '@deepseek-ai/dsh-storage': 0.1.6-alpha.1(@deepseek-ai/cordis@4.0.2)
      '@deepseek-ai/schemastery': 3.18.2

  '@deepseek-ai/dsh-storage@0.1.6-alpha.1(@deepseek-ai/cordis@4.0.2)':
    dependencies:
      '@deepseek-ai/cordis': 4.0.2

  '@deepseek-ai/dsh-subagent@0.1.6-alpha.1(nxbhtqi6j3ymojfflgecduekoa)':
    dependencies:
      '@deepseek-ai/cordis': 4.0.2
      '@deepseek-ai/dsh-agent': 0.1.6-alpha.1(ayuzbfhkkuxeynhxdldbxszq4i)
      '@deepseek-ai/dsh-attachment': 0.1.6-alpha.1(@deepseek-ai/cordis@4.0.2)(@deepseek-ai/dsh-brand@0.1.6-alpha.1(@deepseek-ai/cordis@4.0.2))
      '@deepseek-ai/dsh-brand': 0.1.6-alpha.1(@deepseek-ai/cordis@4.0.2)
      '@deepseek-ai/dsh-chunked-list': 0.1.6-alpha.1(@deepseek-ai/cordis@4.0.2)
      '@deepseek-ai/dsh-invariants': 0.1.6-alpha.1(@deepseek-ai/cordis@4.0.2)
      '@deepseek-ai/dsh-llm': 0.1.6-alpha.1(@deepseek-ai/cordis@4.0.2)
      '@deepseek-ai/dsh-scope': 0.1.6-alpha.1(@deepseek-ai/cordis@4.0.2)(@deepseek-ai/dsh-invariants@0.1.6-alpha.1(@deepseek-ai/cordis@4.0.2))
      '@deepseek-ai/dsh-session': 0.1.6-alpha.1(@deepseek-ai/cordis@4.0.2)(@deepseek-ai/dsh-scope@0.1.6-alpha.1(@deepseek-ai/cordis@4.0.2)(@deepseek-ai/dsh-invariants@0.1.6-alpha.1(@deepseek-ai/cordis@4.0.2)))
      '@deepseek-ai/dsh-system-prompt': 0.1.6-alpha.1(@deepseek-ai/cordis@4.0.2)(@deepseek-ai/dsh-invariants@0.1.6-alpha.1(@deepseek-ai/cordis@4.0.2))(@deepseek-ai/dsh-llm@0.1.6-alpha.1(@deepseek-ai/cordis@4.0.2))(@deepseek-ai/dsh-scope@0.1.6-alpha.1(@deepseek-ai/cordis@4.0.2)(@deepseek-ai/dsh-invariants@0.1.6-alpha.1(@deepseek-ai/cordis@4.0.2)))
      '@deepseek-ai/dsh-tools': 0.1.6-alpha.1(dnszqgbrw7gxcro3zq3ceby7bq)
      '@deepseek-ai/dsh-typert-protocol': 0.1.6-alpha.1(@deepseek-ai/cordis@4.0.2)
      '@deepseek-ai/dsh-util-time': 0.1.6-alpha.1(@deepseek-ai/cordis@4.0.2)
      '@deepseek-ai/dsh-util-values': 0.1.6-alpha.1(@deepseek-ai/cordis@4.0.2)
      zod: 4.6.5
    optionalDependencies:
      '@deepseek-ai/dsh-sandbox': 0.1.6-alpha.1(@deepseek-ai/cordis@4.0.2)(@deepseek-ai/dsh-llm@0.1.6-alpha.1(@deepseek-ai/cordis@4.0.2))(@deepseek-ai/dsh-session@0.1.6-alpha.1(@deepseek-ai/cordis@4.0.2)(@deepseek-ai/dsh-scope@0.1.6-alpha.1(@deepseek-ai/cordis@4.0.2)(@deepseek-ai/dsh-invariants@0.1.6-alpha.1(@deepseek-ai/cordis@4.0.2))))
      '@deepseek-ai/dsh-sandbox-policy': 0.1.6-alpha.1(6rak3dudgil4wgac4kz57nnznq)
      '@deepseek-ai/dsh-session-persistence': 0.1.6-alpha.1(@deepseek-ai/cordis@4.0.2)(@deepseek-ai/dsh-brand@0.1.6-alpha.1(@deepseek-ai/cordis@4.0.2))(@deepseek-ai/dsh-session@0.1.6-alpha.1(@deepseek-ai/cordis@4.0.2)(@deepseek-ai/dsh-scope@0.1.6-alpha.1(@deepseek-ai/cordis@4.0.2)(@deepseek-ai/dsh-invariants@0.1.6-alpha.1(@deepseek-ai/cordis@4.0.2))))(@deepseek-ai/dsh-timeout@0.1.6-alpha.1(@deepseek-ai/cordis@4.0.2))
      '@deepseek-ai/dsh-session-projection': 0.1.6-alpha.1(@deepseek-ai/cordis@4.0.2)(@deepseek-ai/dsh-session@0.1.6-alpha.1(@deepseek-ai/cordis@4.0.2)(@deepseek-ai/dsh-scope@0.1.6-alpha.1(@deepseek-ai/cordis@4.0.2)(@deepseek-ai/dsh-invariants@0.1.6-alpha.1(@deepseek-ai/cordis@4.0.2))))
      '@deepseek-ai/dsh-user-approval': 0.1.6-alpha.1(@deepseek-ai/cordis@4.0.2)(@deepseek-ai/dsh-agent@0.1.6-alpha.1(ayuzbfhkkuxeynhxdldbxszq4i))(@deepseek-ai/dsh-brand@0.1.6-alpha.1(@deepseek-ai/cordis@4.0.2))(@deepseek-ai/dsh-invariants@0.1.6-alpha.1(@deepseek-ai/cordis@4.0.2))(@deepseek-ai/dsh-llm@0.1.6-alpha.1(@deepseek-ai/cordis@4.0.2))(@deepseek-ai/dsh-scope@0.1.6-alpha.1(@deepseek-ai/cordis@4.0.2)(@deepseek-ai/dsh-invariants@0.1.6-alpha.1(@deepseek-ai/cordis@4.0.2)))(@deepseek-ai/dsh-session@0.1.6-alpha.1(@deepseek-ai/cordis@4.0.2)(@deepseek-ai/dsh-scope@0.1.6-alpha.1(@deepseek-ai/cordis@4.0.2)(@deepseek-ai/dsh-invariants@0.1.6-alpha.1(@deepseek-ai/cordis@4.0.2))))(@deepseek-ai/dsh-system-prompt@0.1.6-alpha.1(@deepseek-ai/cordis@4.0.2)(@deepseek-ai/dsh-invariants@0.1.6-alpha.1(@deepseek-ai/cordis@4.0.2))(@deepseek-ai/dsh-llm@0.1.6-alpha.1(@deepseek-ai/cordis@4.0.2))(@deepseek-ai/dsh-scope@0.1.6-alpha.1(@deepseek-ai/cordis@4.0.2)(@deepseek-ai/dsh-invariants@0.1.6-alpha.1(@deepseek-ai/cordis@4.0.2))))

  '@deepseek-ai/dsh-system-prompt@0.1.6-alpha.1(@deepseek-ai/cordis@4.0.2)(@deepseek-ai/dsh-invariants@0.1.6-alpha.1(@deepseek-ai/cordis@4.0.2))(@deepseek-ai/dsh-llm@0.1.6-alpha.1(@deepseek-ai/cordis@4.0.2))(@deepseek-ai/dsh-scope@0.1.6-alpha.1(@deepseek-ai/cordis@4.0.2)(@deepseek-ai/dsh-invariants@0.1.6-alpha.1(@deepseek-ai/cordis@4.0.2)))':
    dependencies:
      '@deepseek-ai/cordis': 4.0.2
      '@deepseek-ai/dsh-invariants': 0.1.6-alpha.1(@deepseek-ai/cordis@4.0.2)
      '@deepseek-ai/dsh-llm': 0.1.6-alpha.1(@deepseek-ai/cordis@4.0.2)
      '@deepseek-ai/dsh-scope': 0.1.6-alpha.1(@deepseek-ai/cordis@4.0.2)(@deepseek-ai/dsh-invariants@0.1.6-alpha.1(@deepseek-ai/cordis@4.0.2))
      '@deepseek-ai/schemastery': 3.18.2

  '@deepseek-ai/dsh-timeout@0.1.6-alpha.1(@deepseek-ai/cordis@4.0.2)':
    dependencies:
      '@deepseek-ai/cordis': 4.0.2

  '@deepseek-ai/dsh-tools@0.1.6-alpha.1(dnszqgbrw7gxcro3zq3ceby7bq)':
    dependencies:
      '@deepseek-ai/cordis': 4.0.2
      '@deepseek-ai/dsh-agent': 0.1.6-alpha.1(ayuzbfhkkuxeynhxdldbxszq4i)
      '@deepseek-ai/dsh-brand': 0.1.6-alpha.1(@deepseek-ai/cordis@4.0.2)
      '@deepseek-ai/dsh-invariants': 0.1.6-alpha.1(@deepseek-ai/cordis@4.0.2)
      '@deepseek-ai/dsh-llm': 0.1.6-alpha.1(@deepseek-ai/cordis@4.0.2)
      '@deepseek-ai/dsh-ptc-runtime': 0.1.6-alpha.1(@deepseek-ai/cordis@4.0.2)(@deepseek-ai/dsh-sandbox@0.1.6-alpha.1(@deepseek-ai/cordis@4.0.2)(@deepseek-ai/dsh-llm@0.1.6-alpha.1(@deepseek-ai/cordis@4.0.2))(@deepseek-ai/dsh-session@0.1.6-alpha.1(@deepseek-ai/cordis@4.0.2)(@deepseek-ai/dsh-scope@0.1.6-alpha.1(@deepseek-ai/cordis@4.0.2)(@deepseek-ai/dsh-invariants@0.1.6-alpha.1(@deepseek-ai/cordis@4.0.2)))))
      '@deepseek-ai/dsh-sandbox': 0.1.6-alpha.1(@deepseek-ai/cordis@4.0.2)(@deepseek-ai/dsh-llm@0.1.6-alpha.1(@deepseek-ai/cordis@4.0.2))(@deepseek-ai/dsh-session@0.1.6-alpha.1(@deepseek-ai/cordis@4.0.2)(@deepseek-ai/dsh-scope@0.1.6-alpha.1(@deepseek-ai/cordis@4.0.2)(@deepseek-ai/dsh-invariants@0.1.6-alpha.1(@deepseek-ai/cordis@4.0.2))))
      '@deepseek-ai/dsh-sandbox-policy': 0.1.6-alpha.1(6rak3dudgil4wgac4kz57nnznq)
      '@deepseek-ai/dsh-scope': 0.1.6-alpha.1(@deepseek-ai/cordis@4.0.2)(@deepseek-ai/dsh-invariants@0.1.6-alpha.1(@deepseek-ai/cordis@4.0.2))
      '@deepseek-ai/dsh-session': 0.1.6-alpha.1(@deepseek-ai/cordis@4.0.2)(@deepseek-ai/dsh-scope@0.1.6-alpha.1(@deepseek-ai/cordis@4.0.2)(@deepseek-ai/dsh-invariants@0.1.6-alpha.1(@deepseek-ai/cordis@4.0.2)))
      '@deepseek-ai/dsh-system-prompt': 0.1.6-alpha.1(@deepseek-ai/cordis@4.0.2)(@deepseek-ai/dsh-invariants@0.1.6-alpha.1(@deepseek-ai/cordis@4.0.2))(@deepseek-ai/dsh-llm@0.1.6-alpha.1(@deepseek-ai/cordis@4.0.2))(@deepseek-ai/dsh-scope@0.1.6-alpha.1(@deepseek-ai/cordis@4.0.2)(@deepseek-ai/dsh-invariants@0.1.6-alpha.1(@deepseek-ai/cordis@4.0.2)))
      '@deepseek-ai/dsh-user-approval': 0.1.6-alpha.1(@deepseek-ai/cordis@4.0.2)(@deepseek-ai/dsh-agent@0.1.6-alpha.1(ayuzbfhkkuxeynhxdldbxszq4i))(@deepseek-ai/dsh-brand@0.1.6-alpha.1(@deepseek-ai/cordis@4.0.2))(@deepseek-ai/dsh-invariants@0.1.6-alpha.1(@deepseek-ai/cordis@4.0.2))(@deepseek-ai/dsh-llm@0.1.6-alpha.1(@deepseek-ai/cordis@4.0.2))(@deepseek-ai/dsh-scope@0.1.6-alpha.1(@deepseek-ai/cordis@4.0.2)(@deepseek-ai/dsh-invariants@0.1.6-alpha.1(@deepseek-ai/cordis@4.0.2)))(@deepseek-ai/dsh-session@0.1.6-alpha.1(@deepseek-ai/cordis@4.0.2)(@deepseek-ai/dsh-scope@0.1.6-alpha.1(@deepseek-ai/cordis@4.0.2)(@deepseek-ai/dsh-invariants@0.1.6-alpha.1(@deepseek-ai/cordis@4.0.2))))(@deepseek-ai/dsh-system-prompt@0.1.6-alpha.1(@deepseek-ai/cordis@4.0.2)(@deepseek-ai/dsh-invariants@0.1.6-alpha.1(@deepseek-ai/cordis@4.0.2))(@deepseek-ai/dsh-llm@0.1.6-alpha.1(@deepseek-ai/cordis@4.0.2))(@deepseek-ai/dsh-scope@0.1.6-alpha.1(@deepseek-ai/cordis@4.0.2)(@deepseek-ai/dsh-invariants@0.1.6-alpha.1(@deepseek-ai/cordis@4.0.2))))
      '@deepseek-ai/dsh-util-values': 0.1.6-alpha.1(@deepseek-ai/cordis@4.0.2)
      '@deepseek-ai/schemastery': 3.18.2

  '@deepseek-ai/dsh-typert-protocol@0.1.6-alpha.1(@deepseek-ai/cordis@4.0.2)':
    dependencies:
      '@deepseek-ai/cordis': 4.0.2

  '@deepseek-ai/dsh-user-approval@0.1.6-alpha.1(@deepseek-ai/cordis@4.0.2)(@deepseek-ai/dsh-agent@0.1.6-alpha.1(ayuzbfhkkuxeynhxdldbxszq4i))(@deepseek-ai/dsh-brand@0.1.6-alpha.1(@deepseek-ai/cordis@4.0.2))(@deepseek-ai/dsh-invariants@0.1.6-alpha.1(@deepseek-ai/cordis@4.0.2))(@deepseek-ai/dsh-llm@0.1.6-alpha.1(@deepseek-ai/cordis@4.0.2))(@deepseek-ai/dsh-scope@0.1.6-alpha.1(@deepseek-ai/cordis@4.0.2)(@deepseek-ai/dsh-invariants@0.1.6-alpha.1(@deepseek-ai/cordis@4.0.2)))(@deepseek-ai/dsh-session@0.1.6-alpha.1(@deepseek-ai/cordis@4.0.2)(@deepseek-ai/dsh-scope@0.1.6-alpha.1(@deepseek-ai/cordis@4.0.2)(@deepseek-ai/dsh-invariants@0.1.6-alpha.1(@deepseek-ai/cordis@4.0.2))))(@deepseek-ai/dsh-system-prompt@0.1.6-alpha.1(@deepseek-ai/cordis@4.0.2)(@deepseek-ai/dsh-invariants@0.1.6-alpha.1(@deepseek-ai/cordis@4.0.2))(@deepseek-ai/dsh-llm@0.1.6-alpha.1(@deepseek-ai/cordis@4.0.2))(@deepseek-ai/dsh-scope@0.1.6-alpha.1(@deepseek-ai/cordis@4.0.2)(@deepseek-ai/dsh-invariants@0.1.6-alpha.1(@deepseek-ai/cordis@4.0.2))))':
    dependencies:
      '@deepseek-ai/cordis': 4.0.2
      '@deepseek-ai/dsh-agent': 0.1.6-alpha.1(ayuzbfhkkuxeynhxdldbxszq4i)
      '@deepseek-ai/dsh-brand': 0.1.6-alpha.1(@deepseek-ai/cordis@4.0.2)
      '@deepseek-ai/dsh-invariants': 0.1.6-alpha.1(@deepseek-ai/cordis@4.0.2)
      '@deepseek-ai/dsh-llm': 0.1.6-alpha.1(@deepseek-ai/cordis@4.0.2)
      '@deepseek-ai/dsh-scope': 0.1.6-alpha.1(@deepseek-ai/cordis@4.0.2)(@deepseek-ai/dsh-invariants@0.1.6-alpha.1(@deepseek-ai/cordis@4.0.2))
      '@deepseek-ai/dsh-session': 0.1.6-alpha.1(@deepseek-ai/cordis@4.0.2)(@deepseek-ai/dsh-scope@0.1.6-alpha.1(@deepseek-ai/cordis@4.0.2)(@deepseek-ai/dsh-invariants@0.1.6-alpha.1(@deepseek-ai/cordis@4.0.2)))
      '@deepseek-ai/dsh-system-prompt': 0.1.6-alpha.1(@deepseek-ai/cordis@4.0.2)(@deepseek-ai/dsh-invariants@0.1.6-alpha.1(@deepseek-ai/cordis@4.0.2))(@deepseek-ai/dsh-llm@0.1.6-alpha.1(@deepseek-ai/cordis@4.0.2))(@deepseek-ai/dsh-scope@0.1.6-alpha.1(@deepseek-ai/cordis@4.0.2)(@deepseek-ai/dsh-invariants@0.1.6-alpha.1(@deepseek-ai/cordis@4.0.2)))
      '@deepseek-ai/schemastery': 3.18.2

  '@deepseek-ai/dsh-util-crypto@0.1.6-alpha.1(@deepseek-ai/cordis@4.0.2)':
    dependencies:
      '@deepseek-ai/cordis': 4.0.2

  '@deepseek-ai/dsh-util-time@0.1.6-alpha.1(@deepseek-ai/cordis@4.0.2)':
    dependencies:
      '@deepseek-ai/cordis': 4.0.2

  '@deepseek-ai/dsh-util-values@0.1.6-alpha.1(@deepseek-ai/cordis@4.0.2)':
    dependencies:
      '@deepseek-ai/cordis': 4.0.2

  '@deepseek-ai/schemastery@3.18.2':
    dependencies:
      '@deepseek-ai/cosmokit': 1.8.3
      '@standard-schema/spec': 1.1.0

  '@standard-schema/spec@1.1.0': {}

  soloips-adapter-dsh@file:../../packages/adapter-dsh(26wwmkbx5gcqxmtvbxb7r6f72y):
    dependencies:
      '@deepseek-ai/cordis': 4.0.2
      '@deepseek-ai/dsh-agent': 0.1.6-alpha.1(ayuzbfhkkuxeynhxdldbxszq4i)
      '@deepseek-ai/dsh-atomic-write': 0.1.6-alpha.1(@deepseek-ai/cordis@4.0.2)
      '@deepseek-ai/dsh-session-persistence': 0.1.6-alpha.1(@deepseek-ai/cordis@4.0.2)(@deepseek-ai/dsh-brand@0.1.6-alpha.1(@deepseek-ai/cordis@4.0.2))(@deepseek-ai/dsh-session@0.1.6-alpha.1(@deepseek-ai/cordis@4.0.2)(@deepseek-ai/dsh-scope@0.1.6-alpha.1(@deepseek-ai/cordis@4.0.2)(@deepseek-ai/dsh-invariants@0.1.6-alpha.1(@deepseek-ai/cordis@4.0.2))))(@deepseek-ai/dsh-timeout@0.1.6-alpha.1(@deepseek-ai/cordis@4.0.2))
      '@deepseek-ai/dsh-settings': 0.1.6-alpha.1(@deepseek-ai/cordis@4.0.2)(@deepseek-ai/dsh-brand@0.1.6-alpha.1(@deepseek-ai/cordis@4.0.2))(@deepseek-ai/dsh-invariants@0.1.6-alpha.1(@deepseek-ai/cordis@4.0.2))(@deepseek-ai/dsh-session@0.1.6-alpha.1(@deepseek-ai/cordis@4.0.2)(@deepseek-ai/dsh-scope@0.1.6-alpha.1(@deepseek-ai/cordis@4.0.2)(@deepseek-ai/dsh-invariants@0.1.6-alpha.1(@deepseek-ai/cordis@4.0.2))))(@deepseek-ai/schemastery@3.18.2)
      '@deepseek-ai/dsh-storage': 0.1.6-alpha.1(@deepseek-ai/cordis@4.0.2)
      '@deepseek-ai/dsh-storage-domain': 0.1.6-alpha.1(@deepseek-ai/cordis@4.0.2)(@deepseek-ai/dsh-invariants@0.1.6-alpha.1(@deepseek-ai/cordis@4.0.2))(@deepseek-ai/dsh-storage@0.1.6-alpha.1(@deepseek-ai/cordis@4.0.2))
      '@deepseek-ai/dsh-storage-json': 0.1.6-alpha.1(@deepseek-ai/cordis@4.0.2)(@deepseek-ai/dsh-storage@0.1.6-alpha.1(@deepseek-ai/cordis@4.0.2))
      '@deepseek-ai/dsh-subagent': 0.1.6-alpha.1(nxbhtqi6j3ymojfflgecduekoa)
      '@deepseek-ai/dsh-tools': 0.1.6-alpha.1(dnszqgbrw7gxcro3zq3ceby7bq)
      '@deepseek-ai/schemastery': 3.18.2
    transitivePeerDependencies:
      - '@deepseek-ai/cordis-plugin-include'
      - '@deepseek-ai/cordis-plugin-loader'
      - '@deepseek-ai/dsh-agent-presets'
      - '@deepseek-ai/dsh-attachment'
      - '@deepseek-ai/dsh-brand'
      - '@deepseek-ai/dsh-invariants'
      - '@deepseek-ai/dsh-jobs'
      - '@deepseek-ai/dsh-llm'
      - '@deepseek-ai/dsh-permission-presets'
      - '@deepseek-ai/dsh-ptc-runtime'
      - '@deepseek-ai/dsh-sandbox'
      - '@deepseek-ai/dsh-sandbox-policy'
      - '@deepseek-ai/dsh-scope'
      - '@deepseek-ai/dsh-session'
      - '@deepseek-ai/dsh-session-projection'
      - '@deepseek-ai/dsh-session-projection-cache'
      - '@deepseek-ai/dsh-session-query'
      - '@deepseek-ai/dsh-system-prompt'
      - '@deepseek-ai/dsh-timeout'
      - '@deepseek-ai/dsh-typert-protocol'
      - '@deepseek-ai/dsh-user-approval'
      - '@deepseek-ai/dsh-util-time'
      - '@deepseek-ai/dsh-util-values'

  soloips-bundle@file:../../packages/bundle: {}

  soloips-core@file:../../packages/core: {}

  soloips-web@file:../../packages/web: {}

  zod@4.6.5: {}
